[[package]]
name = "certifi"
version = "2022.9.24"
description = "Python package for providing Mozilla's CA Bundle."
category = "main"
optional = false
python-versions = ">=3.6"

[[package]]
name = "charset-normalizer"
version = "2.1.1"
description = "The Real First Universal Charset Detector. Open, modern and actively maintained alternative to Chardet."
category = "main"
optional = false
python-versions = ">=3.6.0"

[package.extras]
unicode_backport = ["unicodedata2"]

[[package]]
name = "gitdb"
version = "4.0.9"
description = "Git Object Database"
category = "main"
optional = false
python-versions = ">=3.6"

[package.dependencies]
smmap = ">=3.0.1,<6"

[[package]]
name = "gitpython"
version = "3.1.27"
description = "GitPython is a python library used to interact with Git repositories"
category = "main"
optional = false
python-versions = ">=3.7"

[package.dependencies]
gitdb = ">=4.0.1,<5"
typing-extensions = {version = ">=3.7.4.3", markers = "python_version < \"3.8\""}

[[package]]
name = "idna"
version = "3.4"
description = "Internationalized Domain Names in Applications (IDNA)"
category = "main"
optional = false
python-versions = ">=3.5"

[[package]]
name = "python-gitlab"
version = "3.10.0"
description = "Interact with GitLab API"
category = "main"
optional = false
python-versions = ">=3.7.0"

[package.dependencies]
requests = ">=2.25.0"
requests-toolbelt = ">=0.9.1"

[package.extras]
autocompletion = ["argcomplete (>=1.10.0,<3)"]
yaml = ["PyYaml (>=5.2)"]

[[package]]
name = "requests"
version = "2.28.1"
description = "Python HTTP for Humans."
category = "main"
optional = false
python-versions = ">=3.7, <4"

[package.dependencies]
certifi = ">=2017.4.17"
charset-normalizer = ">=2,<3"
idna = ">=2.5,<4"
urllib3 = ">=1.21.1,<1.27"

[package.extras]
socks = ["PySocks (>=1.5.6,!=1.5.7)"]
use_chardet_on_py3 = ["chardet (>=3.0.2,<6)"]

[[package]]
name = "requests-toolbelt"
version = "0.9.1"
description = "A utility belt for advanced users of python-requests"
category = "main"
optional = false
python-versions = "*"

[package.dependencies]
requests = ">=2.0.1,<3.0.0"

[[package]]
name = "smmap"
version = "5.0.0"
description = "A pure Python implementation of a sliding window memory map manager"
category = "main"
optional = false
python-versions = ">=3.6"

[[package]]
name = "toml"
version = "0.10.2"
description = "Python Library for Tom's Obvious, Minimal Language"
category = "main"
optional = false
python-versions = ">=2.6, !=3.0.*, !=3.1.*, !=3.2.*"

[[package]]
name = "typing-extensions"
version = "4.3.0"
description = "Backported and Experimental Type Hints for Python 3.7+"
category = "main"
optional = false
python-versions = ">=3.7"

[[package]]
name = "urllib3"
version = "1.26.12"
description = "HTTP library with thread-safe connection pooling, file post, and more."
category = "main"
optional = false
python-versions = ">=2.7, !=3.0.*, !=3.1.*, !=3.2.*, !=3.3.*, !=3.4.*, !=3.5.*, <4"

[package.extras]
brotli = ["brotlicffi (>=0.8.0)", "brotli (>=1.0.9)", "brotlipy (>=0.6.0)"]
secure = ["pyOpenSSL (>=0.14)", "cryptography (>=1.3.4)", "idna (>=2.0.0)", "certifi", "urllib3-secure-extra", "ipaddress"]
socks = ["PySocks (>=1.5.6,!=1.5.7,<2.0)"]

[[package]]
name = "zenroom"
version = "2.1.0.dev1664444317"
description = "Zenroom for Python: Bindings of Zenroom library for Python."
category = "main"
optional = false
python-versions = ">=3.6, <4"

[package.extras]
test = ["pytest", "schema"]

[metadata]
lock-version = "1.1"
python-versions = "^3.7"
content-hash = "7f5432ec465afaff6b69c59e269da91ccaf060998f4a4e7e62f00afff81dfce4"

[metadata.files]
certifi = [
    {file = "certifi-2022.9.24-py3-none-any.whl", hash = "sha256:90c1a32f1d68f940488354e36370f6cca89f0f106db09518524c88d6ed83f382"},
    {file = "certifi-2022.9.24.tar.gz", hash = "sha256:0d9c601124e5a6ba9712dbc60d9c53c21e34f5f641fe83002317394311bdce14"},
]
charset-normalizer = [
    {file = "charset-normalizer-2.1.1.tar.gz", hash = "sha256:5a3d016c7c547f69d6f81fb0db9449ce888b418b5b9952cc5e6e66843e9dd845"},
    {file = "charset_normalizer-2.1.1-py3-none-any.whl", hash = "sha256:83e9a75d1911279afd89352c68b45348559d1fc0506b054b346651b5e7fee29f"},
]
gitdb = [
    {file = "gitdb-4.0.9-py3-none-any.whl", hash = "sha256:8033ad4e853066ba6ca92050b9df2f89301b8fc8bf7e9324d412a63f8bf1a8fd"},
    {file = "gitdb-4.0.9.tar.gz", hash = "sha256:bac2fd45c0a1c9cf619e63a90d62bdc63892ef92387424b855792a6cabe789aa"},
]
gitpython = [
    {file = "GitPython-3.1.27-py3-none-any.whl", hash = "sha256:5b68b000463593e05ff2b261acff0ff0972df8ab1b70d3cdbd41b546c8b8fc3d"},
    {file = "GitPython-3.1.27.tar.gz", hash = "sha256:1c885ce809e8ba2d88a29befeb385fcea06338d3640712b59ca623c220bb5704"},
]
idna = [
    {file = "idna-3.4-py3-none-any.whl", hash = "sha256:90b77e79eaa3eba6de819a0c442c0b4ceefc341a7a2ab77d7562bf49f425c5c2"},
    {file = "idna-3.4.tar.gz", hash = "sha256:814f528e8dead7d329833b91c5faa87d60bf71824cd12a7530b5526063d02cb4"},
]
python-gitlab = [
    {file = "python-gitlab-3.10.0.tar.gz", hash = "sha256:14930a16fdd7f36f67b9373e7d4d4720e8e374800028380289db3306e9f74614"},
    {file = "python_gitlab-3.10.0-py3-none-any.whl", hash = "sha256:6b5a24d0f479c43c1759cb174cf42116ed27cced31284bedc82d584d860fa238"},
]
requests = [
    {file = "requests-2.28.1-py3-none-any.whl", hash = "sha256:8fefa2a1a1365bf5520aac41836fbee479da67864514bdb821f31ce07ce65349"},
    {file = "requests-2.28.1.tar.gz", hash = "sha256:7c5599b102feddaa661c826c56ab4fee28bfd17f5abca1ebbe3e7f19d7c97983"},
]
requests-toolbelt = [
    {file = "requests-toolbelt-0.9.1.tar.gz", hash = "sha256:968089d4584ad4ad7c171454f0a5c6dac23971e9472521ea3b6d49d610aa6fc0"},
    {file = "requests_toolbelt-0.9.1-py2.py3-none-any.whl", hash = "sha256:380606e1d10dc85c3bd47bf5a6095f815ec007be7a8b69c878507068df059e6f"},
]
smmap = [
    {file = "smmap-5.0.0-py3-none-any.whl", hash = "sha256:2aba19d6a040e78d8b09de5c57e96207b09ed71d8e55ce0959eeee6c8e190d94"},
    {file = "smmap-5.0.0.tar.gz", hash = "sha256:c840e62059cd3be204b0c9c9f74be2c09d5648eddd4580d9314c3ecde0b30936"},
]
toml = [
    {file = "toml-0.10.2-py2.py3-none-any.whl", hash = "sha256:806143ae5bfb6a3c6e736a764057db0e6a0e05e338b5630894a5f779cabb4f9b"},
    {file = "toml-0.10.2.tar.gz", hash = "sha256:b3bda1d108d5dd99f4a20d24d9c348e91c4db7ab1b749200bded2f839ccbe68f"},
]
typing-extensions = [
    {file = "typing_extensions-4.3.0-py3-none-any.whl", hash = "sha256:25642c956049920a5aa49edcdd6ab1e06d7e5d467fc00e0506c44ac86fbfca02"},
    {file = "typing_extensions-4.3.0.tar.gz", hash = "sha256:e6d2677a32f47fc7eb2795db1dd15c1f34eff616bcaf2cfb5e997f854fa1c4a6"},
]
urllib3 = [
    {file = "urllib3-1.26.12-py2.py3-none-any.whl", hash = "sha256:b930dd878d5a8afb066a637fbb35144fe7901e3b209d1cd4f524bd0e9deee997"},
    {file = "urllib3-1.26.12.tar.gz", hash = "sha256:3fa96cf423e6987997fc326ae8df396db2a8b7c667747d47ddd8ecba91f4a74e"},
]
zenroom = [
    {file = "zenroom-2.1.0.dev1664444317-cp310-cp310-macosx_10_9_x86_64.whl", hash = "sha256:cc217ee48e93a0b48d4fd83fbf5c6ceb758ce9ba9385c2a31785ae019903ff47"},
    {file = "zenroom-2.1.0.dev1664444317-cp310-cp310-manylinux_2_17_aarch64.manylinux2014_aarch64.manylinux_2_24_aarch64.whl", hash = "sha256:db980536cfbdbebf8eaa7d6fd6be3f9a46666389b6ed2b0b397ba808304ae826"},
    {file = "zenroom-2.1.0.dev1664444317-cp310-cp310-manylinux_2_17_i686.manylinux2014_i686.manylinux_2_24_i686.whl", hash = "sha256:e0b570a548393154da52b7325a50376c47460a133a556008afb431b93f77b17d"},
    {file = "zenroom-2.1.0.dev1664444317-cp310-cp310-manylinux_2_17_x86_64.manylinux2014_x86_64.manylinux_2_24_x86_64.whl", hash = "sha256:391813d4cae2c38096fdba8dac5d3c27675782e53c982931fcb9fee775dbe23f"},
    {file = "zenroom-2.1.0.dev1664444317-cp311-cp311-macosx_10_9_x86_64.whl", hash = "sha256:aa14c3a486360b539b879c41bd11d07a85fbc957da87ae17be8d86d410b840fe"},
    {file = "zenroom-2.1.0.dev1664444317-cp311-cp311-manylinux_2_17_aarch64.manylinux2014_aarch64.manylinux_2_24_aarch64.whl", hash = "sha256:082578372894d7f408f2bac45efc7b18ea0e5e0dfd3ec0a0b6ef7041cbe0e3e9"},
    {file = "zenroom-2.1.0.dev1664444317-cp311-cp311-manylinux_2_17_i686.manylinux2014_i686.manylinux_2_24_i686.whl", hash = "sha256:0d463791c8c4948d09f9fbcd114e71b9666696feb844be2de54ea95e488e3070"},
    {file = "zenroom-2.1.0.dev1664444317-cp311-cp311-manylinux_2_17_x86_64.manylinux2014_x86_64.manylinux_2_24_x86_64.whl", hash = "sha256:17768583b5e113d49927b8159cf50d3e85221b06740ba080c0b06ec82a9ebacf"},
    {file = "zenroom-2.1.0.dev1664444317-cp38-cp38-macosx_10_9_x86_64.whl", hash = "sha256:9131533f58e642af389d0022205097a5e0c791d8531bc4f7fef4b8af9d0f587d"},
    {file = "zenroom-2.1.0.dev1664444317-cp38-cp38-manylinux_2_17_aarch64.manylinux2014_aarch64.manylinux_2_24_aarch64.whl", hash = "sha256:d12432886f39812302b0373a85fe70e6dc8c0002dcd9c598348b8f326b047b6b"},
    {file = "zenroom-2.1.0.dev1664444317-cp38-cp38-manylinux_2_17_i686.manylinux2014_i686.manylinux_2_24_i686.whl", hash = "sha256:7ebbbb75318f22d76412e95795c6517a7d4c2ff237310bec6409a81497d1a210"},
    {file = "zenroom-2.1.0.dev1664444317-cp38-cp38-manylinux_2_17_x86_64.manylinux2014_x86_64.manylinux_2_24_x86_64.whl", hash = "sha256:33f9d177afdca942b74c56ccb2478e05358cb640f0db0eeb32ba1da1bac766d1"},
    {file = "zenroom-2.1.0.dev1664444317-cp39-cp39-macosx_10_9_x86_64.whl", hash = "sha256:df1f57f8391005a830f6da55eb34e4cda4da61a75272c7ef8f71654525a86274"},
    {file = "zenroom-2.1.0.dev1664444317-cp39-cp39-manylinux_2_17_aarch64.manylinux2014_aarch64.manylinux_2_24_aarch64.whl", hash = "sha256:19b52ebb93e6ed07460bc1e89f450bdbc775a8baeff2f9c9bec2ee15313e7754"},
    {file = "zenroom-2.1.0.dev1664444317-cp39-cp39-manylinux_2_17_i686.manylinux2014_i686.manylinux_2_24_i686.whl", hash = "sha256:d5cd58ede824af6fd0bf9f05b0da458c204e3cbbf9c31fddaef9856d50e4323c"},
    {file = "zenroom-2.1.0.dev1664444317-cp39-cp39-manylinux_2_17_x86_64.manylinux2014_x86_64.manylinux_2_24_x86_64.whl", hash = "sha256:18df590124056da417fcae0069957246a030bcf387fb2242065d73fafce1ca01"},
]
